// !$*UTF8*$!
{
	archiveVersion = 1;
	classes = {
	};
	objectVersion = 55;
	objects = {

/* Begin PBXBuildFile section */
		C8C12FBF27B34D32001560B0 /* PeekTakeHomeApp.swift in Sources */ = {isa = PBXBuildFile; fileRef = C8C12FBE27B34D32001560B0 /* PeekTakeHomeApp.swift */; };
		C8C12FC327B34D37001560B0 /* Assets.xcassets in Resources */ = {isa = PBXBuildFile; fileRef = C8C12FC227B34D37001560B0 /* Assets.xcassets */; };
		C8C12FC627B34D37001560B0 /* Preview Assets.xcassets in Resources */ = {isa = PBXBuildFile; fileRef = C8C12FC527B34D37001560B0 /* Preview Assets.xcassets */; };
		C8C12FCD27B34D50001560B0 /* GithubCoordinator.swift in Sources */ = {isa = PBXBuildFile; fileRef = C8C12FCC27B34D50001560B0 /* GithubCoordinator.swift */; };
		C8C12FD027B34D6F001560B0 /* GithubResponse.swift in Sources */ = {isa = PBXBuildFile; fileRef = C8C12FCF27B34D6F001560B0 /* GithubResponse.swift */; };
		C8C12FD427B34DEC001560B0 /* MainScreenVM.swift in Sources */ = {isa = PBXBuildFile; fileRef = C8C12FD327B34DEC001560B0 /* MainScreenVM.swift */; };
		C8C12FD627B34E05001560B0 /* GraphQLReposView.swift in Sources */ = {isa = PBXBuildFile; fileRef = C8C12FD527B34E05001560B0 /* GraphQLReposView.swift */; };
		C8C12FDA27B351F4001560B0 /* RepoRow.swift in Sources */ = {isa = PBXBuildFile; fileRef = C8C12FD927B351F4001560B0 /* RepoRow.swift */; };
/* End PBXBuildFile section */

/* Begin PBXFileReference section */
		C8C12FBB27B34D32001560B0 /* PeekTakeHome.app */ = {isa = PBXFileReference; explicitFileType = wrapper.application; includeInIndex = 0; path = PeekTakeHome.app; sourceTree = BUILT_PRODUCTS_DIR; };
		C8C12FBE27B34D32001560B0 /* PeekTakeHomeApp.swift */ = {isa = PBXFileReference; lastKnownFileType = sourcecode.swift; path = PeekTakeHomeApp.swift; sourceTree = "<group>"; };
		C8C12FC227B34D37001560B0 /* Assets.xcassets */ = {isa = PBXFileReference; lastKnownFileType = folder.assetcatalog; path = Assets.xcassets; sourceTree = "<group>"; };
		C8C12FC527B34D37001560B0 /* Preview Assets.xcassets */ = {isa = PBXFileReference; lastKnownFileType = folder.assetcatalog; path = "Preview Assets.xcassets"; sourceTree = "<group>"; };
		C8C12FCC27B34D50001560B0 /* GithubCoordinator.swift */ = {isa = PBXFileReference; lastKnownFileType = sourcecode.swift; path = GithubCoordinator.swift; sourceTree = "<group>"; };
		C8C12FCF27B34D6F001560B0 /* GithubResponse.swift */ = {isa = PBXFileReference; lastKnownFileType = sourcecode.swift; path = GithubResponse.swift; sourceTree = "<group>"; };
		C8C12FD327B34DEC001560B0 /* MainScreenVM.swift */ = {isa = PBXFileReference; lastKnownFileType = sourcecode.swift; path = MainScreenVM.swift; sourceTree = "<group>"; };
		C8C12FD527B34E05001560B0 /* GraphQLReposView.swift */ = {isa = PBXFileReference; lastKnownFileType = sourcecode.swift; path = GraphQLReposView.swift; sourceTree = "<group>"; };
		C8C12FD927B351F4001560B0 /* RepoRow.swift */ = {isa = PBXFileReference; lastKnownFileType = sourcecode.swift; path = RepoRow.swift; sourceTree = "<group>"; };
/* End PBXFileReference section */

/* Begin PBXFrameworksBuildPhase section */
		C8C12FB827B34D32001560B0 /* Frameworks */ = {
			isa = PBXFrameworksBuildPhase;
			buildActionMask = 2147483647;
			files = (
			);
			runOnlyForDeploymentPostprocessing = 0;
		};
/* End PBXFrameworksBuildPhase section */

/* Begin PBXGroup section */
		C8C12FB227B34D32001560B0 = {
			isa = PBXGroup;
			children = (
				C8C12FBD27B34D32001560B0 /* PeekTakeHome */,
				C8C12FBC27B34D32001560B0 /* Products */,
			);
			sourceTree = "<group>";
		};
		C8C12FBC27B34D32001560B0 /* Products */ = {
			isa = PBXGroup;
			children = (
				C8C12FBB27B34D32001560B0 /* PeekTakeHome.app */,
			);
			name = Products;
			sourceTree = "<group>";
		};
		C8C12FBD27B34D32001560B0 /* PeekTakeHome */ = {
			isa = PBXGroup;
			children = (
				C8C12FD727B34E0E001560B0 /* Views */,
				C8C12FCE27B34D62001560B0 /* Models */,
				C8C12FD227B34DDD001560B0 /* ViewModels */,
				C8C12FD127B34DD0001560B0 /* Networking */,
				C8C12FD827B34FBF001560B0 /* Resources */,
				C8C12FC427B34D37001560B0 /* Preview Content */,
			);
			path = PeekTakeHome;
			sourceTree = "<group>";
		};
		C8C12FC427B34D37001560B0 /* Preview Content */ = {
			isa = PBXGroup;
			children = (
				C8C12FC527B34D37001560B0 /* Preview Assets.xcassets */,
			);
			path = "Preview Content";
			sourceTree = "<group>";
		};
		C8C12FCE27B34D62001560B0 /* Models */ = {
			isa = PBXGroup;
			children = (
				C8C12FCF27B34D6F001560B0 /* GithubResponse.swift */,
			);
			path = Models;
			sourceTree = "<group>";
		};
		C8C12FD127B34DD0001560B0 /* Networking */ = {
			isa = PBXGroup;
			children = (
				C8C12FCC27B34D50001560B0 /* GithubCoordinator.swift */,
			);
			path = Networking;
			sourceTree = "<group>";
		};
		C8C12FD227B34DDD001560B0 /* ViewModels */ = {
			isa = PBXGroup;
			children = (
				C8C12FD327B34DEC001560B0 /* MainScreenVM.swift */,
			);
			path = ViewModels;
			sourceTree = "<group>";
		};
		C8C12FD727B34E0E001560B0 /* Views */ = {
			isa = PBXGroup;
			children = (
				C8C12FBE27B34D32001560B0 /* PeekTakeHomeApp.swift */,
				C8C12FD527B34E05001560B0 /* GraphQLReposView.swift */,
				C8C12FD927B351F4001560B0 /* RepoRow.swift */,
			);
			path = Views;
			sourceTree = "<group>";
		};
		C8C12FD827B34FBF001560B0 /* Resources */ = {
			isa = PBXGroup;
			children = (
				C8C12FC227B34D37001560B0 /* Assets.xcassets */,
			);
			path = Resources;
			sourceTree = "<group>";
		};
/* End PBXGroup section */

/* Begin PBXNativeTarget section */
		C8C12FBA27B34D32001560B0 /* PeekTakeHome */ = {
			isa = PBXNativeTarget;
			buildConfigurationList = C8C12FC927B34D37001560B0 /* Build configuration list for PBXNativeTarget "PeekTakeHome" */;
			buildPhases = (
				C8C12FB727B34D32001560B0 /* Sources */,
				C8C12FB827B34D32001560B0 /* Frameworks */,
				C8C12FB927B34D32001560B0 /* Resources */,
			);
			buildRules = (
			);
			dependencies = (
			);
			name = PeekTakeHome;
			productName = PeekTakeHome;
			productReference = C8C12FBB27B34D32001560B0 /* PeekTakeHome.app */;
			productType = "com.apple.product-type.application";
		};
/* End PBXNativeTarget section */

/* Begin PBXProject section */
		C8C12FB327B34D32001560B0 /* Project object */ = {
			isa = PBXProject;
			attributes = {
				BuildIndependentTargetsInParallel = 1;
				LastSwiftUpdateCheck = 1320;
				LastUpgradeCheck = 1320;
				TargetAttributes = {
					C8C12FBA27B34D32001560B0 = {
						CreatedOnToolsVersion = 13.2.1;
					};
				};
			};
			buildConfigurationList = C8C12FB627B34D32001560B0 /* Build configuration list for PBXProject "PeekTakeHome" */;
			compatibilityVersion = "Xcode 13.0";
			developmentRegion = en;
			hasScannedForEncodings = 0;
			knownRegions = (
				en,
				Base,
			);
			mainGroup = C8C12FB227B34D32001560B0;
			productRefGroup = C8C12FBC27B34D32001560B0 /* Products */;
			projectDirPath = "";
			projectRoot = "";
			targets = (
				C8C12FBA27B34D32001560B0 /* PeekTakeHome */,
			);
		};
/* End PBXProject section */

/* Begin PBXResourcesBuildPhase section */
		C8C12FB927B34D32001560B0 /* Resources */ = {
			isa = PBXResourcesBuildPhase;
			buildActionMask = 2147483647;
			files = (
				C8C12FC627B34D37001560B0 /* Preview Assets.xcassets in Resources */,
				C8C12FC327B34D37001560B0 /* Assets.xcassets in Resources */,
			);
			runOnlyForDeploymentPostprocessing = 0;
		};
/* End PBXResourcesBuildPhase section */

/* Begin PBXSourcesBuildPhase section */
		C8C12FB727B34D32001560B0 /* Sources */ = {
			isa = PBXSourcesBuildPhase;
			buildActionMask = 2147483647;
			files = (
				C8C12FD627B34E05001560B0 /* GraphQLReposView.swift in Sources */,
				C8C12FD427B34DEC001560B0 /* MainScreenVM.swift in Sources */,
				C8C12FD027B34D6F001560B0 /* GithubResponse.swift in Sources */,
				C8C12FBF27B34D32001560B0 /* PeekTakeHomeApp.swift in Sources */,
				C8C12FDA27B351F4001560B0 /* RepoRow.swift in Sources */,
				C8C12FCD27B34D50001560B0 /* GithubCoordinator.swift in Sources */,
			);
			runOnlyForDeploymentPostprocessing = 0;
		};
/* End PBXSourcesBuildPhase section */

/* Begin XCBuildConfiguration section */
		C8C12FC727B34D37001560B0 /* Debug */ = {
			isa = XCBuildConfiguration;
			buildSettings = {
				ALWAYS_SEARCH_USER_PATHS = NO;
				CLANG_ANALYZER_NONNULL = YES;
				CLANG_ANALYZER_NUMBER_OBJECT_CONVERSION = YES_AGGRESSIVE;
				CLANG_CXX_LANGUAGE_STANDARD = "gnu++17";
				CLANG_CXX_LIBRARY = "libc++";
				CLANG_ENABLE_MODULES = YES;
				CLANG_ENABLE_OBJC_ARC = YES;
				CLANG_ENABLE_OBJC_WEAK = YES;
				CLANG_WARN_BLOCK_CAPTURE_AUTORELEASING = YES;
				CLANG_WARN_BOOL_CONVERSION = YES;
				CLANG_WARN_COMMA = YES;
				CLANG_WARN_CONSTANT_CONVERSION = YES;
				CLANG_WARN_DEPRECATED_OBJC_IMPLEMENTATIONS = YES;
				CLANG_WARN_DIRECT_OBJC_ISA_USAGE = YES_ERROR;
				CLANG_WARN_DOCUMENTATION_COMMENTS = YES;
				CLANG_WARN_EMPTY_BODY = YES;
				CLANG_WARN_ENUM_CONVERSION = YES;
				CLANG_WARN_INFINITE_RECURSION = YES;
				CLANG_WARN_INT_CONVERSION = YES;
				CLANG_WARN_NON_LITERAL_NULL_CONVERSION = YES;
				CLANG_WARN_OBJC_IMPLICIT_RETAIN_SELF = YES;
				CLANG_WARN_OBJC_LITERAL_CONVERSION = YES;
				CLANG_WARN_OBJC_ROOT_CLASS = YES_ERROR;
				CLANG_WARN_QUOTED_INCLUDE_IN_FRAMEWORK_HEADER = YES;
				CLANG_WARN_RANGE_LOOP_ANALYSIS = YES;
				CLANG_WARN_STRICT_PROTOTYPES = YES;
				CLANG_WARN_SUSPICIOUS_MOVE = YES;
				CLANG_WARN_UNGUARDED_AVAILABILITY = YES_AGGRESSIVE;
				CLANG_WARN_UNREACHABLE_CODE = YES;
				CLANG_WARN__DUPLICATE_METHOD_MATCH = YES;
				COPY_PHASE_STRIP = NO;
				DEBUG_INFORMATION_FORMAT = dwarf;
				ENABLE_STRICT_OBJC_MSGSEND = YES;
				ENABLE_TESTABILITY = YES;
				GCC_C_LANGUAGE_STANDARD = gnu11;
				GCC_DYNAMIC_NO_PIC = NO;
				GCC_NO_COMMON_BLOCKS = YES;
				GCC_OPTIMIZATION_LEVEL = 0;
				GCC_PREPROCESSOR_DEFINITIONS = (
					"DEBUG=1",
					"$(inherited)",
				);
				GCC_WARN_64_TO_32_BIT_CONVERSION = YES;
				GCC_WARN_ABOUT_RETURN_TYPE = YES_ERROR;
				GCC_WARN_UNDECLARED_SELECTOR = YES;
				GCC_WARN_UNINITIALIZED_AUTOS = YES_AGGRESSIVE;
				GCC_WARN_UNUSED_FUNCTION = YES;
				GCC_WARN_UNUSED_VARIABLE = YES;
				IPHONEOS_DEPLOYMENT_TARGET = 15.2;
				MTL_ENABLE_DEBUG_INFO = INCLUDE_SOURCE;
				MTL_FAST_MATH = YES;
				ONLY_ACTIVE_ARCH = YES;
				SDKROOT = iphoneos;
				SWIFT_ACTIVE_COMPILATION_CONDITIONS = DEBUG;
				SWIFT_OPTIMIZATION_LEVEL = "-Onone";
			};
			name = Debug;
		};
		C8C12FC827B34D37001560B0 /* Release */ = {
			isa = XCBuildConfiguration;
			buildSettings = {
				ALWAYS_SEARCH_USER_PATHS = NO;
				CLANG_ANALYZER_NONNULL = YES;
				CLANG_ANALYZER_NUMBER_OBJECT_CONVERSION = YES_AGGRESSIVE;
				CLANG_CXX_LANGUAGE_STANDARD = "gnu++17";
				CLANG_CXX_LIBRARY = "libc++";
				CLANG_ENABLE_MODULES = YES;
				CLANG_ENABLE_OBJC_ARC = YES;
				CLANG_ENABLE_OBJC_WEAK = YES;
				CLANG_WARN_BLOCK_CAPTURE_AUTORELEASING = YES;
				CLANG_WARN_BOOL_CONVERSION = YES;
				CLANG_WARN_COMMA = YES;
				CLANG_WARN_CONSTANT_CONVERSION = YES;
				CLANG_WARN_DEPRECATED_OBJC_IMPLEMENTATIONS = YES;
				CLANG_WARN_DIRECT_OBJC_ISA_USAGE = YES_ERROR;
				CLANG_WARN_DOCUMENTATION_COMMENTS = YES;
				CLANG_WARN_EMPTY_BODY = YES;
				CLANG_WARN_ENUM_CONVERSION = YES;
				CLANG_WARN_INFINITE_RECURSION = YES;
				CLANG_WARN_INT_CONVERSION = YES;
				CLANG_WARN_NON_LITERAL_NULL_CONVERSION = YES;
				CLANG_WARN_OBJC_IMPLICIT_RETAIN_SELF = YES;
				CLANG_WARN_OBJC_LITERAL_CONVERSION = YES;
				CLANG_WARN_OBJC_ROOT_CLASS = YES_ERROR;
				CLANG_WARN_QUOTED_INCLUDE_IN_FRAMEWORK_HEADER = YES;
				CLANG_WARN_RANGE_LOOP_ANALYSIS = YES;
				CLANG_WARN_STRICT_PROTOTYPES = YES;
				CLANG_WARN_SUSPICIOUS_MOVE = YES;
				CLANG_WARN_UNGUARDED_AVAILABILITY = YES_AGGRESSIVE;
				CLANG_WARN_UNREACHABLE_CODE = YES;
				CLANG_WARN__DUPLICATE_METHOD_MATCH = YES;
				COPY_PHASE_STRIP = NO;
				DEBUG_INFORMATION_FORMAT = "dwarf-with-dsym";
				ENABLE_NS_ASSERTIONS = NO;
				ENABLE_STRICT_OBJC_MSGSEND = YES;
				GCC_C_LANGUAGE_STANDARD = gnu11;
				GCC_NO_COMMON_BLOCKS = YES;
				GCC_WARN_64_TO_32_BIT_CONVERSION = YES;
				GCC_WARN_ABOUT_RETURN_TYPE = YES_ERROR;
				GCC_WARN_UNDECLARED_SELECTOR = YES;
				GCC_WARN_UNINITIALIZED_AUTOS = YES_AGGRESSIVE;
				GCC_WARN_UNUSED_FUNCTION = YES;
				GCC_WARN_UNUSED_VARIABLE = YES;
				IPHONEOS_DEPLOYMENT_TARGET = 15.2;
				MTL_ENABLE_DEBUG_INFO = NO;
				MTL_FAST_MATH = YES;
				SDKROOT = iphoneos;
				SWIFT_COMPILATION_MODE = wholemodule;
				SWIFT_OPTIMIZATION_LEVEL = "-O";
				VALIDATE_PRODUCT = YES;
			};
			name = Release;
		};
		C8C12FCA27B34D37001560B0 /* Debug */ = {
			isa = XCBuildConfiguration;
			buildSettings = {
				ASSETCATALOG_COMPILER_APPICON_NAME = AppIcon;
				ASSETCATALOG_COMPILER_GLOBAL_ACCENT_COLOR_NAME = AccentColor;
				CODE_SIGN_STYLE = Automatic;
				CURRENT_PROJECT_VERSION = 1;
				DEVELOPMENT_ASSET_PATHS = "\"PeekTakeHome/Preview Content\"";
				DEVELOPMENT_TEAM = T4C65R2UFW;
				ENABLE_PREVIEWS = YES;
				GENERATE_INFOPLIST_FILE = YES;
				INFOPLIST_KEY_UIApplicationSceneManifest_Generation = YES;
				INFOPLIST_KEY_UIApplicationSupportsIndirectInputEvents = YES;
				INFOPLIST_KEY_UILaunchScreen_Generation = YES;
				INFOPLIST_KEY_UISupportedInterfaceOrientations_iPad = "UIInterfaceOrientationPortrait UIInterfaceOrientationPortraitUpsideDown UIInterfaceOrientationLandscapeLeft UIInterfaceOrientationLandscapeRight";
				INFOPLIST_KEY_UISupportedInterfaceOrientations_iPhone = "UIInterfaceOrientationPortrait UIInterfaceOrientationLandscapeLeft UIInterfaceOrientationLandscapeRight";
				LD_RUNPATH_SEARCH_PATHS = (
					"$(inherited)",
					"@executable_path/Frameworks",
				);
				MARKETING_VERSION = 1.0;
				PRODUCT_BUNDLE_IDENTIFIER = com.nathanAndrus.PeekTakeHome;
				PRODUCT_NAME = "$(TARGET_NAME)";
				SWIFT_EMIT_LOC_STRINGS = YES;
				SWIFT_VERSION = 5.0;
				TARGETED_DEVICE_FAMILY = "1,2";
			};
			name = Debug;
		};
		C8C12FCB27B34D37001560B0 /* Release */ = {
			isa = XCBuildConfiguration;
			buildSettings = {
				ASSETCATALOG_COMPILER_APPICON_NAME = AppIcon;
				ASSETCATALOG_COMPILER_GLOBAL_ACCENT_COLOR_NAME = AccentColor;
				CODE_SIGN_STYLE = Automatic;
				CURRENT_PROJECT_VERSION = 1;
				DEVELOPMENT_ASSET_PATHS = "\"PeekTakeHome/Preview Content\"";
				DEVELOPMENT_TEAM = T4C65R2UFW;
				ENABLE_PREVIEWS = YES;
				GENERATE_INFOPLIST_FILE = YES;
				INFOPLIST_KEY_UIApplicationSceneManifest_Generation = YES;
				INFOPLIST_KEY_UIApplicationSupportsIndirectInputEvents = YES;
				INFOPLIST_KEY_UILaunchScreen_Generation = YES;
				INFOPLIST_KEY_UISupportedInterfaceOrientations_iPad = "UIInterfaceOrientationPortrait UIInterfaceOrientationPortraitUpsideDown UIInterfaceOrientationLandscapeLeft UIInterfaceOrientationLandscapeRight";
				INFOPLIST_KEY_UISupportedInterfaceOrientations_iPhone = "UIInterfaceOrientationPortrait UIInterfaceOrientationLandscapeLeft UIInterfaceOrientationLandscapeRight";
				LD_RUNPATH_SEARCH_PATHS = (
					"$(inherited)",
					"@executable_path/Frameworks",
				);
				MARKETING_VERSION = 1.0;
				PRODUCT_BUNDLE_IDENTIFIER = com.nathanAndrus.PeekTakeHome;
				PRODUCT_NAME = "$(TARGET_NAME)";
				SWIFT_EMIT_LOC_STRINGS = YES;
				SWIFT_VERSION = 5.0;
				TARGETED_DEVICE_FAMILY = "1,2";
			};
			name = Release;
		};
/* End XCBuildConfiguration section */

/* Begin XCConfigurationList section */
		C8C12FB627B34D32001560B0 /* Build configuration list for PBXProject "PeekTakeHome" */ = {
			isa = XCConfigurationList;
			buildConfigurations = (
				C8C12FC727B34D37001560B0 /* Debug */,
				C8C12FC827B34D37001560B0 /* Release */,
			);
			defaultConfigurationIsVisible = 0;
			defaultConfigurationName = Release;
		};
		C8C12FC927B34D37001560B0 /* Build configuration list for PBXNativeTarget "PeekTakeHome" */ = {
			isa = XCConfigurationList;
			buildConfigurations = (
				C8C12FCA27B34D37001560B0 /* Debug */,
				C8C12FCB27B34D37001560B0 /* Release */,
			);
			defaultConfigurationIsVisible = 0;
			defaultConfigurationName = Release;
		};
/* End XCConfigurationList section */
	};
	rootObject = C8C12FB327B34D32001560B0 /* Project object */;
}
